// !$*UTF8*$!
{
	archiveVersion = 1;
	classes = {
	};
	objectVersion = 46;
	objects = {

/* Begin PBXBuildFile section */
		3F4FBCDD1C0D44630076523B /* AppDelegate.swift in Sources */ = {isa = PBXBuildFile; fileRef = 3F4FBCDC1C0D44630076523B /* AppDelegate.swift */; };
		3F4FBCDF1C0D44630076523B /* ViewController.swift in Sources */ = {isa = PBXBuildFile; fileRef = 3F4FBCDE1C0D44630076523B /* ViewController.swift */; };
		3F4FBCE21C0D44630076523B /* Main.storyboard in Resources */ = {isa = PBXBuildFile; fileRef = 3F4FBCE01C0D44630076523B /* Main.storyboard */; };
		3F4FBCE41C0D44630076523B /* Assets.xcassets in Resources */ = {isa = PBXBuildFile; fileRef = 3F4FBCE31C0D44630076523B /* Assets.xcassets */; };
		3F4FBCE71C0D44630076523B /* LaunchScreen.storyboard in Resources */ = {isa = PBXBuildFile; fileRef = 3F4FBCE51C0D44630076523B /* LaunchScreen.storyboard */; };
		3F4FBCF21C0D44640076523B /* ChooseYourOwnAdventureStoryFinalS1Tests.swift in Sources */ = {isa = PBXBuildFile; fileRef = 3F4FBCF11C0D44640076523B /* ChooseYourOwnAdventureStoryFinalS1Tests.swift */; };
		3F4FBCFD1C0D44640076523B /* ChooseYourOwnAdventureStoryFinalS1UITests.swift in Sources */ = {isa = PBXBuildFile; fileRef = 3F4FBCFC1C0D44640076523B /* ChooseYourOwnAdventureStoryFinalS1UITests.swift */; };
/* End PBXBuildFile section */

/* Begin PBXContainerItemProxy section */
		3F4FBCEE1C0D44640076523B /* PBXContainerItemProxy */ = {
			isa = PBXContainerItemProxy;
			containerPortal = 3F4FBCD11C0D44630076523B /* Project object */;
			proxyType = 1;
			remoteGlobalIDString = 3F4FBCD81C0D44630076523B;
			remoteInfo = ChooseYourOwnAdventureStoryFinalS1;
		};
		3F4FBCF91C0D44640076523B /* PBXContainerItemProxy */ = {
			isa = PBXContainerItemProxy;
			containerPortal = 3F4FBCD11C0D44630076523B /* Project object */;
			proxyType = 1;
			remoteGlobalIDString = 3F4FBCD81C0D44630076523B;
			remoteInfo = ChooseYourOwnAdventureStoryFinalS1;
		};
/* End PBXContainerItemProxy section */

/* Begin PBXFileReference section */
		3F4FBCD91C0D44630076523B /* ChooseYourOwnAdventureStoryFinalS1.app */ = {isa = PBXFileReference; explicitFileType = wrapper.application; includeInIndex = 0; path = ChooseYourOwnAdventureStoryFinalS1.app; sourceTree = BUILT_PRODUCTS_DIR; };
		3F4FBCDC1C0D44630076523B /* AppDelegate.swift */ = {isa = PBXFileReference; lastKnownFileType = sourcecode.swift; path = AppDelegate.swift; sourceTree = "<group>"; };
		3F4FBCDE1C0D44630076523B /* ViewController.swift */ = {isa = PBXFileReference; lastKnownFileType = sourcecode.swift; path = ViewController.swift; sourceTree = "<group>"; };
		3F4FBCE11C0D44630076523B /* Base */ = {isa = PBXFileReference; lastKnownFileType = file.storyboard; name = Base; path = Base.lproj/Main.storyboard; sourceTree = "<group>"; };
		3F4FBCE31C0D44630076523B /* Assets.xcassets */ = {isa = PBXFileReference; lastKnownFileType = folder.assetcatalog; path = Assets.xcassets; sourceTree = "<group>"; };
		3F4FBCE61C0D44630076523B /* Base */ = {isa = PBXFileReference; lastKnownFileType = file.storyboard; name = Base; path = Base.lproj/LaunchScreen.storyboard; sourceTree = "<group>"; };
		3F4FBCE81C0D44630076523B /* Info.plist */ = {isa = PBXFileReference; lastKnownFileType = text.plist.xml; path = Info.plist; sourceTree = "<group>"; };
		3F4FBCED1C0D44640076523B /* ChooseYourOwnAdventureStoryFinalS1Tests.xctest */ = {isa = PBXFileReference; explicitFileType = wrapper.cfbundle; includeInIndex = 0; path = ChooseYourOwnAdventureStoryFinalS1Tests.xctest; sourceTree = BUILT_PRODUCTS_DIR; };
		3F4FBCF11C0D44640076523B /* ChooseYourOwnAdventureStoryFinalS1Tests.swift */ = {isa = PBXFileReference; lastKnownFileType = sourcecode.swift; path = ChooseYourOwnAdventureStoryFinalS1Tests.swift; sourceTree = "<group>"; };
		3F4FBCF31C0D44640076523B /* Info.plist */ = {isa = PBXFileReference; lastKnownFileType = text.plist.xml; path = Info.plist; sourceTree = "<group>"; };
		3F4FBCF81C0D44640076523B /* ChooseYourOwnAdventureStoryFinalS1UITests.xctest */ = {isa = PBXFileReference; explicitFileType = wrapper.cfbundle; includeInIndex = 0; path = ChooseYourOwnAdventureStoryFinalS1UITests.xctest; sourceTree = BUILT_PRODUCTS_DIR; };
		3F4FBCFC1C0D44640076523B /* ChooseYourOwnAdventureStoryFinalS1UITests.swift */ = {isa = PBXFileReference; lastKnownFileType = sourcecode.swift; path = ChooseYourOwnAdventureStoryFinalS1UITests.swift; sourceTree = "<group>"; };
		3F4FBCFE1C0D44640076523B /* Info.plist */ = {isa = PBXFileReference; lastKnownFileType = text.plist.xml; path = Info.plist; sourceTree = "<group>"; };
/* End PBXFileReference section */

/* Begin PBXFrameworksBuildPhase section */
		3F4FBCD61C0D44630076523B /* Frameworks */ = {
			isa = PBXFrameworksBuildPhase;
			buildActionMask = 2147483647;
			files = (
			);
			runOnlyForDeploymentPostprocessing = 0;
		};
		3F4FBCEA1C0D44640076523B /* Frameworks */ = {
			isa = PBXFrameworksBuildPhase;
			buildActionMask = 2147483647;
			files = (
			);
			runOnlyForDeploymentPostprocessing = 0;
		};
		3F4FBCF51C0D44640076523B /* Frameworks */ = {
			isa = PBXFrameworksBuildPhase;
			buildActionMask = 2147483647;
			files = (
			);
			runOnlyForDeploymentPostprocessing = 0;
		};
/* End PBXFrameworksBuildPhase section */

/* Begin PBXGroup section */
		3F4FBCD01C0D44630076523B = {
			isa = PBXGroup;
			children = (
				3F4FBCDB1C0D44630076523B /* ChooseYourOwnAdventureStoryFinalS1 */,
				3F4FBCF01C0D44640076523B /* ChooseYourOwnAdventureStoryFinalS1Tests */,
				3F4FBCFB1C0D44640076523B /* ChooseYourOwnAdventureStoryFinalS1UITests */,
				3F4FBCDA1C0D44630076523B /* Products */,
			);
			sourceTree = "<group>";
		};
		3F4FBCDA1C0D44630076523B /* Products */ = {
			isa = PBXGroup;
			children = (
				3F4FBCD91C0D44630076523B /* ChooseYourOwnAdventureStoryFinalS1.app */,
				3F4FBCED1C0D44640076523B /* ChooseYourOwnAdventureStoryFinalS1Tests.xctest */,
				3F4FBCF81C0D44640076523B /* ChooseYourOwnAdventureStoryFinalS1UITests.xctest */,
			);
			name = Products;
			sourceTree = "<group>";
		};
		3F4FBCDB1C0D44630076523B /* ChooseYourOwnAdventureStoryFinalS1 */ = {
			isa = PBXGroup;
			children = (
				3F4FBCDC1C0D44630076523B /* AppDelegate.swift */,
				3F4FBCDE1C0D44630076523B /* ViewController.swift */,
				3F4FBCE01C0D44630076523B /* Main.storyboard */,
				3F4FBCE31C0D44630076523B /* Assets.xcassets */,
				3F4FBCE51C0D44630076523B /* LaunchScreen.storyboard */,
				3F4FBCE81C0D44630076523B /* Info.plist */,
			);
			path = ChooseYourOwnAdventureStoryFinalS1;
			sourceTree = "<group>";
		};
		3F4FBCF01C0D44640076523B /* ChooseYourOwnAdventureStoryFinalS1Tests */ = {
			isa = PBXGroup;
			children = (
				3F4FBCF11C0D44640076523B /* ChooseYourOwnAdventureStoryFinalS1Tests.swift */,
				3F4FBCF31C0D44640076523B /* Info.plist */,
			);
			path = ChooseYourOwnAdventureStoryFinalS1Tests;
			sourceTree = "<group>";
		};
		3F4FBCFB1C0D44640076523B /* ChooseYourOwnAdventureStoryFinalS1UITests */ = {
			isa = PBXGroup;
			children = (
				3F4FBCFC1C0D44640076523B /* ChooseYourOwnAdventureStoryFinalS1UITests.swift */,
				3F4FBCFE1C0D44640076523B /* Info.plist */,
			);
			path = ChooseYourOwnAdventureStoryFinalS1UITests;
			sourceTree = "<group>";
		};
/* End PBXGroup section */

/* Begin PBXNativeTarget section */
		3F4FBCD81C0D44630076523B /* ChooseYourOwnAdventureStoryFinalS1 */ = {
			isa = PBXNativeTarget;
			buildConfigurationList = 3F4FBD011C0D44640076523B /* Build configuration list for PBXNativeTarget "ChooseYourOwnAdventureStoryFinalS1" */;
			buildPhases = (
				3F4FBCD51C0D44630076523B /* Sources */,
				3F4FBCD61C0D44630076523B /* Frameworks */,
				3F4FBCD71C0D44630076523B /* Resources */,
			);
			buildRules = (
			);
			dependencies = (
			);
			name = ChooseYourOwnAdventureStoryFinalS1;
			productName = ChooseYourOwnAdventureStoryFinalS1;
			productReference = 3F4FBCD91C0D44630076523B /* ChooseYourOwnAdventureStoryFinalS1.app */;
			productType = "com.apple.product-type.application";
		};
		3F4FBCEC1C0D44640076523B /* ChooseYourOwnAdventureStoryFinalS1Tests */ = {
			isa = PBXNativeTarget;
			buildConfigurationList = 3F4FBD041C0D44640076523B /* Build configuration list for PBXNativeTarget "ChooseYourOwnAdventureStoryFinalS1Tests" */;
			buildPhases = (
				3F4FBCE91C0D44640076523B /* Sources */,
				3F4FBCEA1C0D44640076523B /* Frameworks */,
				3F4FBCEB1C0D44640076523B /* Resources */,
			);
			buildRules = (
			);
			dependencies = (
				3F4FBCEF1C0D44640076523B /* PBXTargetDependency */,
			);
			name = ChooseYourOwnAdventureStoryFinalS1Tests;
			productName = ChooseYourOwnAdventureStoryFinalS1Tests;
			productReference = 3F4FBCED1C0D44640076523B /* ChooseYourOwnAdventureStoryFinalS1Tests.xctest */;
			productType = "com.apple.product-type.bundle.unit-test";
		};
		3F4FBCF71C0D44640076523B /* ChooseYourOwnAdventureStoryFinalS1UITests */ = {
			isa = PBXNativeTarget;
			buildConfigurationList = 3F4FBD071C0D44640076523B /* Build configuration list for PBXNativeTarget "ChooseYourOwnAdventureStoryFinalS1UITests" */;
			buildPhases = (
				3F4FBCF41C0D44640076523B /* Sources */,
				3F4FBCF51C0D44640076523B /* Frameworks */,
				3F4FBCF61C0D44640076523B /* Resources */,
			);
			buildRules = (
			);
			dependencies = (
				3F4FBCFA1C0D44640076523B /* PBXTargetDependency */,
			);
			name = ChooseYourOwnAdventureStoryFinalS1UITests;
			productName = ChooseYourOwnAdventureStoryFinalS1UITests;
			productReference = 3F4FBCF81C0D44640076523B /* ChooseYourOwnAdventureStoryFinalS1UITests.xctest */;
			productType = "com.apple.product-type.bundle.ui-testing";
		};
/* End PBXNativeTarget section */

/* Begin PBXProject section */
		3F4FBCD11C0D44630076523B /* Project object */ = {
			isa = PBXProject;
			attributes = {
				LastUpgradeCheck = 0710;
				ORGANIZATIONNAME = Student;
				TargetAttributes = {
					3F4FBCD81C0D44630076523B = {
						CreatedOnToolsVersion = 7.1;
						DevelopmentTeam = 6848H2JY57;
					};
					3F4FBCEC1C0D44640076523B = {
						CreatedOnToolsVersion = 7.1;
						DevelopmentTeam = 6848H2JY57;
						TestTargetID = 3F4FBCD81C0D44630076523B;
					};
					3F4FBCF71C0D44640076523B = {
						CreatedOnToolsVersion = 7.1;
						DevelopmentTeam = 6848H2JY57;
						TestTargetID = 3F4FBCD81C0D44630076523B;
					};
				};
			};
			buildConfigurationList = 3F4FBCD41C0D44630076523B /* Build configuration list for PBXProject "ChooseYourOwnAdventureStoryFinalS1" */;
			compatibilityVersion = "Xcode 3.2";
			developmentRegion = English;
			hasScannedForEncodings = 0;
			knownRegions = (
				en,
				Base,
			);
			mainGroup = 3F4FBCD01C0D44630076523B;
			productRefGroup = 3F4FBCDA1C0D44630076523B /* Products */;
			projectDirPath = "";
			projectRoot = "";
			targets = (
				3F4FBCD81C0D44630076523B /* ChooseYourOwnAdventureStoryFinalS1 */,
				3F4FBCEC1C0D44640076523B /* ChooseYourOwnAdventureStoryFinalS1Tests */,
				3F4FBCF71C0D44640076523B /* ChooseYourOwnAdventureStoryFinalS1UITests */,
			);
		};
/* End PBXProject section */

/* Begin PBXResourcesBuildPhase section */
		3F4FBCD71C0D44630076523B /* Resources */ = {
			isa = PBXResourcesBuildPhase;
			buildActionMask = 2147483647;
			files = (
				3F4FBCE71C0D44630076523B /* LaunchScreen.storyboard in Resources */,
				3F4FBCE41C0D44630076523B /* Assets.xcassets in Resources */,
				3F4FBCE21C0D44630076523B /* Main.storyboard in Resources */,
			);
			runOnlyForDeploymentPostprocessing = 0;
		};
		3F4FBCEB1C0D44640076523B /* Resources */ = {
			isa = PBXResourcesBuildPhase;
			buildActionMask = 2147483647;
			files = (
			);
			runOnlyForDeploymentPostprocessing = 0;
		};
		3F4FBCF61C0D44640076523B /* Resources */ = {
			isa = PBXResourcesBuildPhase;
			buildActionMask = 2147483647;
			files = (
			);
			runOnlyForDeploymentPostprocessing = 0;
		};
/* End PBXResourcesBuildPhase section */

/* Begin PBXSourcesBuildPhase section */
		3F4FBCD51C0D44630076523B /* Sources */ = {
			isa = PBXSourcesBuildPhase;
			buildActionMask = 2147483647;
			files = (
				3F4FBCDF1C0D44630076523B /* ViewController.swift in Sources */,
				3F4FBCDD1C0D44630076523B /* AppDelegate.swift in Sources */,
			);
			runOnlyForDeploymentPostprocessing = 0;
		};
		3F4FBCE91C0D44640076523B /* Sources */ = {
			isa = PBXSourcesBuildPhase;
			buildActionMask = 2147483647;
			files = (
				3F4FBCF21C0D44640076523B /* ChooseYourOwnAdventureStoryFinalS1Tests.swift in Sources */,
			);
			runOnlyForDeploymentPostprocessing = 0;
		};
		3F4FBCF41C0D44640076523B /* Sources */ = {
			isa = PBXSourcesBuildPhase;
			buildActionMask = 2147483647;
			files = (
				3F4FBCFD1C0D44640076523B /* ChooseYourOwnAdventureStoryFinalS1UITests.swift in Sources */,
			);
			runOnlyForDeploymentPostprocessing = 0;
		};
/* End PBXSourcesBuildPhase section */

/* Begin PBXTargetDependency section */
		3F4FBCEF1C0D44640076523B /* PBXTargetDependency */ = {
			isa = PBXTargetDependency;
			target = 3F4FBCD81C0D44630076523B /* ChooseYourOwnAdventureStoryFinalS1 */;
			targetProxy = 3F4FBCEE1C0D44640076523B /* PBXContainerItemProxy */;
		};
		3F4FBCFA1C0D44640076523B /* PBXTargetDependency */ = {
			isa = PBXTargetDependency;
			target = 3F4FBCD81C0D44630076523B /* ChooseYourOwnAdventureStoryFinalS1 */;
			targetProxy = 3F4FBCF91C0D44640076523B /* PBXContainerItemProxy */;
		};
/* End PBXTargetDependency section */

/* Begin PBXVariantGroup section */
		3F4FBCE01C0D44630076523B /* Main.storyboard */ = {
			isa = PBXVariantGroup;
			children = (
				3F4FBCE11C0D44630076523B /* Base */,
			);
			name = Main.storyboard;
			sourceTree = "<group>";
		};
		3F4FBCE51C0D44630076523B /* LaunchScreen.storyboard */ = {
			isa = PBXVariantGroup;
			children = (
				3F4FBCE61C0D44630076523B /* Base */,
			);
			name = LaunchScreen.storyboard;
			sourceTree = "<group>";
		};
/* End PBXVariantGroup section */

/* Begin XCBuildConfiguration section */
		3F4FBCFF1C0D44640076523B /* Debug */ = {
			isa = XCBuildConfiguration;
			buildSettings = {
				ALWAYS_SEARCH_USER_PATHS = NO;
				CLANG_CXX_LANGUAGE_STANDARD = "gnu++0x";
				CLANG_CXX_LIBRARY = "libc++";
				CLANG_ENABLE_MODULES = YES;
				CLANG_ENABLE_OBJC_ARC = YES;
				CLANG_WARN_BOOL_CONVERSION = YES;
				CLANG_WARN_CONSTANT_CONVERSION = YES;
				CLANG_WARN_DIRECT_OBJC_ISA_USAGE = YES_ERROR;
				CLANG_WARN_EMPTY_BODY = YES;
				CLANG_WARN_ENUM_CONVERSION = YES;
				CLANG_WARN_INT_CONVERSION = YES;
				CLANG_WARN_OBJC_ROOT_CLASS = YES_ERROR;
				CLANG_WARN_UNREACHABLE_CODE = YES;
				CLANG_WARN__DUPLICATE_METHOD_MATCH = YES;
				"CODE_SIGN_IDENTITY[sdk=iphoneos*]" = "iPhone Developer";
				COPY_PHASE_STRIP = NO;
				DEBUG_INFORMATION_FORMAT = dwarf;
				ENABLE_STRICT_OBJC_MSGSEND = YES;
				ENABLE_TESTABILITY = YES;
				GCC_C_LANGUAGE_STANDARD = gnu99;
				GCC_DYNAMIC_NO_PIC = NO;
				GCC_NO_COMMON_BLOCKS = YES;
				GCC_OPTIMIZATION_LEVEL = 0;
				GCC_PREPROCESSOR_DEFINITIONS = (
					"DEBUG=1",
					"$(inherited)",
				);
				GCC_WARN_64_TO_32_BIT_CONVERSION = YES;
				GCC_WARN_ABOUT_RETURN_TYPE = YES_ERROR;
				GCC_WARN_UNDECLARED_SELECTOR = YES;
				GCC_WARN_UNINITIALIZED_AUTOS = YES_AGGRESSIVE;
				GCC_WARN_UNUSED_FUNCTION = YES;
				GCC_WARN_UNUSED_VARIABLE = YES;
				IPHONEOS_DEPLOYMENT_TARGET = 9.1;
				MTL_ENABLE_DEBUG_INFO = YES;
				ONLY_ACTIVE_ARCH = YES;
				SDKROOT = iphoneos;
				SWIFT_OPTIMIZATION_LEVEL = "-Onone";
				TARGETED_DEVICE_FAMILY = "1,2";
			};
			name = Debug;
		};
		3F4FBD001C0D44640076523B /* Release */ = {
			isa = XCBuildConfiguration;
			buildSettings = {
				ALWAYS_SEARCH_USER_PATHS = NO;
				CLANG_CXX_LANGUAGE_STANDARD = "gnu++0x";
				CLANG_CXX_LIBRARY = "libc++";
				CLANG_ENABLE_MODULES = YES;
				CLANG_ENABLE_OBJC_ARC = YES;
				CLANG_WARN_BOOL_CONVERSION = YES;
				CLANG_WARN_CONSTANT_CONVERSION = YES;
				CLANG_WARN_DIRECT_OBJC_ISA_USAGE = YES_ERROR;
				CLANG_WARN_EMPTY_BODY = YES;
				CLANG_WARN_ENUM_CONVERSION = YES;
				CLANG_WARN_INT_CONVERSION = YES;
				CLANG_WARN_OBJC_ROOT_CLASS = YES_ERROR;
				CLANG_WARN_UNREACHABLE_CODE = YES;
				CLANG_WARN__DUPLICATE_METHOD_MATCH = YES;
				"CODE_SIGN_IDENTITY[sdk=iphoneos*]" = "iPhone Developer";
				COPY_PHASE_STRIP = NO;
				DEBUG_INFORMATION_FORMAT = "dwarf-with-dsym";
				ENABLE_NS_ASSERTIONS = NO;
				ENABLE_STRICT_OBJC_MSGSEND = YES;
				GCC_C_LANGUAGE_STANDARD = gnu99;
				GCC_NO_COMMON_BLOCKS = YES;
				GCC_WARN_64_TO_32_BIT_CONVERSION = YES;
				GCC_WARN_ABOUT_RETURN_TYPE = YES_ERROR;
				GCC_WARN_UNDECLARED_SELECTOR = YES;
				GCC_WARN_UNINITIALIZED_AUTOS = YES_AGGRESSIVE;
				GCC_WARN_UNUSED_FUNCTION = YES;
				GCC_WARN_UNUSED_VARIABLE = YES;
				IPHONEOS_DEPLOYMENT_TARGET = 9.1;
				MTL_ENABLE_DEBUG_INFO = NO;
				SDKROOT = iphoneos;
				TARGETED_DEVICE_FAMILY = "1,2";
				VALIDATE_PRODUCT = YES;
			};
			name = Release;
		};
		3F4FBD021C0D44640076523B /* Debug */ = {
			isa = XCBuildConfiguration;
			buildSettings = {
				ASSETCATALOG_COMPILER_APPICON_NAME = AppIcon;
				INFOPLIST_FILE = ChooseYourOwnAdventureStoryFinalS1/Info.plist;
				LD_RUNPATH_SEARCH_PATHS = "$(inherited) @executable_path/Frameworks";
				PRODUCT_BUNDLE_IDENTIFIER = bhs.ChooseYourOwnAdventureStoryFinalS1;
				PRODUCT_NAME = "$(TARGET_NAME)";
			};
			name = Debug;
		};
		3F4FBD031C0D44640076523B /* Release */ = {
			isa = XCBuildConfiguration;
			buildSettings = {
				ASSETCATALOG_COMPILER_APPICON_NAME = AppIcon;
				INFOPLIST_FILE = ChooseYourOwnAdventureStoryFinalS1/Info.plist;
				LD_RUNPATH_SEARCH_PATHS = "$(inherited) @executable_path/Frameworks";
				PRODUCT_BUNDLE_IDENTIFIER = bhs.ChooseYourOwnAdventureStoryFinalS1;
				PRODUCT_NAME = "$(TARGET_NAME)";
			};
			name = Release;
		};
		3F4FBD051C0D44640076523B /* Debug */ = {
			isa = XCBuildConfiguration;
			buildSettings = {
				BUNDLE_LOADER = "$(TEST_HOST)";
				INFOPLIST_FILE = ChooseYourOwnAdventureStoryFinalS1Tests/Info.plist;
				LD_RUNPATH_SEARCH_PATHS = "$(inherited) @executable_path/Frameworks @loader_path/Frameworks";
				PRODUCT_BUNDLE_IDENTIFIER = bhs.ChooseYourOwnAdventureStoryFinalS1Tests;
				PRODUCT_NAME = "$(TARGET_NAME)";
				TEST_HOST = "$(BUILT_PRODUCTS_DIR)/ChooseYourOwnAdventureStoryFinalS1.app/ChooseYourOwnAdventureStoryFinalS1";
			};
			name = Debug;
		};
		3F4FBD061C0D44640076523B /* Release */ = {
			isa = XCBuildConfiguration;
			buildSettings = {
				BUNDLE_LOADER = "$(TEST_HOST)";
				INFOPLIST_FILE = ChooseYourOwnAdventureStoryFinalS1Tests/Info.plist;
				LD_RUNPATH_SEARCH_PATHS = "$(inherited) @executable_path/Frameworks @loader_path/Frameworks";
				PRODUCT_BUNDLE_IDENTIFIER = bhs.ChooseYourOwnAdventureStoryFinalS1Tests;
				PRODUCT_NAME = "$(TARGET_NAME)";
				TEST_HOST = "$(BUILT_PRODUCTS_DIR)/ChooseYourOwnAdventureStoryFinalS1.app/ChooseYourOwnAdventureStoryFinalS1";
			};
			name = Release;
		};
		3F4FBD081C0D44640076523B /* Debug */ = {
			isa = XCBuildConfiguration;
			buildSettings = {
				INFOPLIST_FILE = ChooseYourOwnAdventureStoryFinalS1UITests/Info.plist;
				LD_RUNPATH_SEARCH_PATHS = "$(inherited) @executable_path/Frameworks @loader_path/Frameworks";
				PRODUCT_BUNDLE_IDENTIFIER = bhs.ChooseYourOwnAdventureStoryFinalS1UITests;
				PRODUCT_NAME = "$(TARGET_NAME)";
				TEST_TARGET_NAME = ChooseYourOwnAdventureStoryFinalS1;
				USES_XCTRUNNER = YES;
			};
			name = Debug;
		};
		3F4FBD091C0D44640076523B /* Release */ = {
			isa = XCBuildConfiguration;
			buildSettings = {
				INFOPLIST_FILE = ChooseYourOwnAdventureStoryFinalS1UITests/Info.plist;
				LD_RUNPATH_SEARCH_PATHS = "$(inherited) @executable_path/Frameworks @loader_path/Frameworks";
				PRODUCT_BUNDLE_IDENTIFIER = bhs.ChooseYourOwnAdventureStoryFinalS1UITests;
				PRODUCT_NAME = "$(TARGET_NAME)";
				TEST_TARGET_NAME = ChooseYourOwnAdventureStoryFinalS1;
				USES_XCTRUNNER = YES;
			};
			name = Release;
		};
/* End XCBuildConfiguration section */

/* Begin XCConfigurationList section */
		3F4FBCD41C0D44630076523B /* Build configuration list for PBXProject "ChooseYourOwnAdventureStoryFinalS1" */ = {
			isa = XCConfigurationList;
			buildConfigurations = (
				3F4FBCFF1C0D44640076523B /* Debug */,
				3F4FBD001C0D44640076523B /* Release */,
			);
			defaultConfigurationIsVisible = 0;
			defaultConfigurationName = Release;
		};
		3F4FBD011C0D44640076523B /* Build configuration list for PBXNativeTarget "ChooseYourOwnAdventureStoryFinalS1" */ = {
			isa = XCConfigurationList;
			buildConfigurations = (
				3F4FBD021C0D44640076523B /* Debug */,
				3F4FBD031C0D44640076523B /* Release */,
			);
			defaultConfigurationIsVisible = 0;
		};
		3F4FBD041C0D44640076523B /* Build configuration list for PBXNativeTarget "ChooseYourOwnAdventureStoryFinalS1Tests" */ = {
			isa = XCConfigurationList;
			buildConfigurations = (
				3F4FBD051C0D44640076523B /* Debug */,
				3F4FBD061C0D44640076523B /* Release */,
			);
			defaultConfigurationIsVisible = 0;
		};
		3F4FBD071C0D44640076523B /* Build configuration list for PBXNativeTarget "ChooseYourOwnAdventureStoryFinalS1UITests" */ = {
			isa = XCConfigurationList;
			buildConfigurations = (
				3F4FBD081C0D44640076523B /* Debug */,
				3F4FBD091C0D44640076523B /* Release */,
			);
			defaultConfigurationIsVisible = 0;
		};
/* End XCConfigurationList section */
	};
	rootObject = 3F4FBCD11C0D44630076523B /* Project object */;
}
